
Microsoft Visual Studio Solution File, Format Version 12.00
# Visual Studio Version 16
VisualStudioVersion = 16.0.29326.143
MinimumVisualStudioVersion = 10.0.40219.1
Project("{FAE04EC0-301F-11D3-BF4B-00C04F79EFBC}") = "WindowsFormsApp1", "WindowsFormsApp1.csproj", "{68D957D9-7C1B-4D21-9DC6-B190BD5439BA}"
EndProject
Global
	GlobalSection(SolutionConfigurationPlatforms) = preSolution
		Debug|Any CPU = Debug|Any CPU
		Release|Any CPU = Release|Any CPU
	EndGlobalSection
	GlobalSection(ProjectConfigurationPlatforms) = postSolution
		{68D957D9-7C1B-4D21-9DC6-B190BD5439BA}.Debug|Any CPU.ActiveCfg = Debug|Any CPU
		{68D957D9-7C1B-4D21-9DC6-B190BD5439BA}.Debug|Any CPU.Build.0 = Debug|Any CPU
		{68D957D9-7C1B-4D21-9DC6-B190BD5439BA}.Release|Any CPU.ActiveCfg = Release|Any CPU
		{68D957D9-7C1B-4D21-9DC6-B190BD5439BA}.Release|Any CPU.Build.0 = Release|Any CPU
	EndGlobalSection
	GlobalSection(SolutionProperties) = preSolution
		HideSolutionNode = FALSE
	EndGlobalSection
	GlobalSection(ExtensibilityGlobals) = postSolution
		SolutionGuid = {5A695ECE-43FA-4081-A0C2-901646A23BB2}
	EndGlobalSection
EndGlobal
